<?xml version="1.0" encoding="UTF-8" standalone="yes" ?>
<CodeBlocks_project_file>
	<FileVersion major="1" minor="6" />
	<Project>
		<Option title="FPS" />
		<Option pch_mode="2" />
		<Option compiler="gcc" />
		<Build>
			<Target title="Debug">
				<Option output="bin/Debug/FPS" prefix_auto="1" extension_auto="1" />
				<Option object_output="obj/Debug/" />
				<Option type="1" />
				<Option compiler="gcc" />
				<Option projectCompilerOptionsRelation="1" />
				<Option projectResourceIncludeDirsRelation="1" />
				<Compiler>
					<Add option="-g" />
					<Add directory="../include" />
					<Add directory="src" />
					<Add directory="include" />
				</Compiler>
				<Linker>
					<Add library="..\lib\OpenGL32.Lib" />
					<Add library="..\lib\GlU32.Lib" />
					<Add library="..\lib\glut32.lib" />
					<Add directory="../lib" />
				</Linker>
				<ExtraCommands>
					<Add after='cmd /c xcopy &quot;..\..\res&quot; &quot;$(TARGET_OUTPUT_DIR)\res\&quot; /Y /S' />
					<Add after='cmd /c xcopy &quot;..\..\res&quot; &quot;$(PROJECT_DIR)\res\&quot; /Y /S' />
					<Add after='cmd /c xcopy &quot;..\..\models&quot; &quot;$(TARGET_OUTPUT_DIR)&quot; /Y /S' />
					<Add after='cmd /c xcopy &quot;..\..\models&quot; &quot;$(PROJECT_DIR)&quot; /Y /S' />
					<Mode after="always" />
				</ExtraCommands>
			</Target>
			<Target title="Release">
				<Option output="bin/Release/FPS" prefix_auto="1" extension_auto="1" />
				<Option object_output="obj/Release/" />
				<Option type="1" />
				<Option compiler="gcc" />
				<Option projectLinkerOptionsRelation="2" />
				<Option projectIncludeDirsRelation="2" />
				<Compiler>
					<Add option="-O2" />
					<Add directory="../include" />
					<Add directory="src" />
					<Add directory="include" />
				</Compiler>
				<Linker>
					<Add option="-s" />
					<Add library="..\lib\OpenGL32.Lib" />
					<Add library="..\lib\GlU32.Lib" />
					<Add library="..\lib\glut32.lib" />
					<Add directory="../lib" />
				</Linker>
				<ExtraCommands>
					<Add after='cmd /c xcopy &quot;..\..\res&quot; &quot;$(TARGET_OUTPUT_DIR)\res\&quot; /Y /S' />
					<Add after='cmd /c xcopy &quot;..\..\models&quot; &quot;$(TARGET_OUTPUT_DIR)&quot; /Y /S' />
				</ExtraCommands>
			</Target>
		</Build>
		<Compiler>
			<Add option="-Wall" />
		</Compiler>
		<Linker>
			<Add library="..\lib\OpenGL32.Lib" />
			<Add library="..\lib\GlU32.Lib" />
			<Add library="..\lib\glut32.lib" />
			<Add library="..\lib\OpenAL32.lib" />
			<Add library="..\lib\EFX-Util.lib" />
			<Add library="..\lib\alut.lib" />
		</Linker>
		<Unit filename="../../res/Footsteps.wav" />
		<Unit filename="../../res/tiled_bronze.bmp" />
		<Unit filename="../../res/tiled_ice_blocks.bmp" />
		<Unit filename="../../res/tiled_snow.bmp" />
		<Unit filename="../../res/tiled_snow_2.bmp" />
		<Unit filename="../../res/tiled_snow_3.bmp" />
		<Unit filename="../../res/tiled_snow_4.bmp" />
		<Unit filename="../../res/tiled_snow_footprints.bmp" />
		<Unit filename="../../res/tiled_snow_forest.bmp" />
		<Unit filename="../../src/3DObject.cpp" />
		<Unit filename="../../src/3DObject.h" />
		<Unit filename="../../src/Environment.cpp" />
		<Unit filename="../../src/Environment.h" />
		<Unit filename="../../src/Floor.cpp" />
		<Unit filename="../../src/Floor.h" />
		<Unit filename="../../src/Texture.cpp" />
		<Unit filename="../../src/Texture.h" />
		<Unit filename="../../src/bitmap.c">
			<Option compilerVar="CC" />
		</Unit>
		<Unit filename="../../src/bitmap.h" />
		<Unit filename="../../src/gameobj.cpp" />
		<Unit filename="../../src/gameobj.h" />
		<Unit filename="../../src/glm.cpp" />
		<Unit filename="../../src/glm.h" />
		<Unit filename="../../src/glmimg.cpp" />
		<Unit filename="../../src/main.cpp" />
		<Unit filename="../../src/mapgame.cpp" />
		<Unit filename="../../src/mapgame.h" />
		<Extensions>
			<code_completion />
			<debugger />
			<envvars />
			<DoxyBlocks>
				<comment_style block="0" line="0" />
				<doxyfile_project />
				<doxyfile_build />
				<doxyfile_warnings />
				<doxyfile_output />
				<doxyfile_dot />
				<general />
			</DoxyBlocks>
		</Extensions>
	</Project>
</CodeBlocks_project_file>
